// !$*UTF8*$!
{
	archiveVersion = 1;
	classes = {
	};
	objectVersion = 56;
	objects = {

/* Begin PBXBuildFile section */
		043390DA56B4268C90F593AB /* Pods_SwiftWeatherApp.framework in Frameworks */ = {isa = PBXBuildFile; fileRef = D61E04B8A203ABD094F85525 /* Pods_SwiftWeatherApp.framework */; };
		264C304A89A50ED486EDCE8B /* Pods_SwiftWeatherApp_SwiftWeatherAppUITests.framework in Frameworks */ = {isa = PBXBuildFile; fileRef = 67CC916D6465E2EAB1C20D9E /* Pods_SwiftWeatherApp_SwiftWeatherAppUITests.framework */; };
		4C306C1BEC146CA723D24E8A /* Pods_SwiftWeatherAppTests.framework in Frameworks */ = {isa = PBXBuildFile; fileRef = 3B496EB11E7DB55064772D91 /* Pods_SwiftWeatherAppTests.framework */; };
		4D1BC2D42AA9C24700CE9D38 /* NetworkManager.m in Sources */ = {isa = PBXBuildFile; fileRef = 4D1BC2D32AA9C24700CE9D38 /* NetworkManager.m */; };
		4D1BC2E42AA9D08F00CE9D38 /* Model.swift in Sources */ = {isa = PBXBuildFile; fileRef = 4D1BC2E02AA9D08F00CE9D38 /* Model.swift */; };
		4D1BC2E52AA9D08F00CE9D38 /* WeatherTargetType.swift in Sources */ = {isa = PBXBuildFile; fileRef = 4D1BC2E22AA9D08F00CE9D38 /* WeatherTargetType.swift */; };
		4D1BC2E62AA9D08F00CE9D38 /* DefaultWeatherUseCases.swift in Sources */ = {isa = PBXBuildFile; fileRef = 4D1BC2E32AA9D08F00CE9D38 /* DefaultWeatherUseCases.swift */; };
		4D1BC2EA2AA9D0AC00CE9D38 /* TargetType.swift in Sources */ = {isa = PBXBuildFile; fileRef = 4D1BC2E82AA9D0AC00CE9D38 /* TargetType.swift */; };
		4D1BC2EB2AA9D0AC00CE9D38 /* Router.swift in Sources */ = {isa = PBXBuildFile; fileRef = 4D1BC2E92AA9D0AC00CE9D38 /* Router.swift */; };
		4D1BC2ED2AA9D63400CE9D38 /* WeatherViewModel.swift in Sources */ = {isa = PBXBuildFile; fileRef = 4D1BC2EC2AA9D63400CE9D38 /* WeatherViewModel.swift */; };
		4D1BC2EF2AA9D6FE00CE9D38 /* SceneDelegate.swift in Sources */ = {isa = PBXBuildFile; fileRef = 4D1BC2EE2AA9D6FE00CE9D38 /* SceneDelegate.swift */; };
		4DA6D1782AA9E4C1006735DA /* AppConstant.swift in Sources */ = {isa = PBXBuildFile; fileRef = 4DA6D1772AA9E4C1006735DA /* AppConstant.swift */; };
		4DA6D17B2AA9FDE3006735DA /* SearchViewController.swift in Sources */ = {isa = PBXBuildFile; fileRef = 4DA6D17A2AA9FDE3006735DA /* SearchViewController.swift */; };
		4DA6D17F2AA9FE4F006735DA /* CityTargetType.swift in Sources */ = {isa = PBXBuildFile; fileRef = 4DA6D17D2AA9FE4F006735DA /* CityTargetType.swift */; };
		4DA6D1802AA9FE4F006735DA /* DefaultCityUseCases.swift in Sources */ = {isa = PBXBuildFile; fileRef = 4DA6D17E2AA9FE4F006735DA /* DefaultCityUseCases.swift */; };
		4DA6D1822AA9FF27006735DA /* SearchViewModel.swift in Sources */ = {isa = PBXBuildFile; fileRef = 4DA6D1812AA9FF27006735DA /* SearchViewModel.swift */; };
		4DA6D1862AAA018F006735DA /* City.swift in Sources */ = {isa = PBXBuildFile; fileRef = 4DA6D1852AAA018F006735DA /* City.swift */; };
		4DA6D18B2AAA46AE006735DA /* CityToSearchRouter.swift in Sources */ = {isa = PBXBuildFile; fileRef = 4DA6D18A2AAA46AE006735DA /* CityToSearchRouter.swift */; };
		4DA6D18D2AAA644D006735DA /* App Router.swift in Sources */ = {isa = PBXBuildFile; fileRef = 4DA6D18C2AAA644D006735DA /* App Router.swift */; };
		4DA6D1902AAA6AC5006735DA /* UIViewController+Helper.swift in Sources */ = {isa = PBXBuildFile; fileRef = 4DA6D18F2AAA6AC5006735DA /* UIViewController+Helper.swift */; };
		4DA6D1962AAA840A006735DA /* WeatherViewController.swift in Sources */ = {isa = PBXBuildFile; fileRef = 4DA6D1952AAA840A006735DA /* WeatherViewController.swift */; };
		4DA6D1992AAA8F62006735DA /* UIImageView+Helper.swift in Sources */ = {isa = PBXBuildFile; fileRef = 4DA6D1982AAA8F62006735DA /* UIImageView+Helper.swift */; };
		4DA6D19C2AAB013B006735DA /* BaseRepository.swift in Sources */ = {isa = PBXBuildFile; fileRef = 4DA6D19B2AAB013B006735DA /* BaseRepository.swift */; };
		4DA6D19F2AAB0199006735DA /* CityDataRepository.swift in Sources */ = {isa = PBXBuildFile; fileRef = 4DA6D19E2AAB0199006735DA /* CityDataRepository.swift */; };
		4DA6D1B52AAB06F5006735DA /* PersistentStorage.swift in Sources */ = {isa = PBXBuildFile; fileRef = 4DA6D1B42AAB06F5006735DA /* PersistentStorage.swift */; };
		4DA6D1B92AAB0E4E006735DA /* CDCity+CoreDataProperties.swift in Sources */ = {isa = PBXBuildFile; fileRef = 4DA6D1B82AAB0E4E006735DA /* CDCity+CoreDataProperties.swift */; };
		4DA6D1BB2AAB0E81006735DA /* CDCity+CoreDataClass.swift in Sources */ = {isa = PBXBuildFile; fileRef = 4DA6D1BA2AAB0E81006735DA /* CDCity+CoreDataClass.swift */; };
		4DA6D1BD2AAB102D006735DA /* CDCity.swift in Sources */ = {isa = PBXBuildFile; fileRef = 4DA6D1BC2AAB102D006735DA /* CDCity.swift */; };
		4DA6D1BF2AAB1338006735DA /* MiddleFasadeLayer.swift in Sources */ = {isa = PBXBuildFile; fileRef = 4DA6D1BE2AAB1338006735DA /* MiddleFasadeLayer.swift */; };
		4DA6D1C22AAB1895006735DA /* CityViewModel.swift in Sources */ = {isa = PBXBuildFile; fileRef = 4DA6D1C12AAB1895006735DA /* CityViewModel.swift */; };
		4DA6D1C52AAB2252006735DA /* UIDateTime+Helper.swift in Sources */ = {isa = PBXBuildFile; fileRef = 4DA6D1C42AAB2252006735DA /* UIDateTime+Helper.swift */; };
		4DA6D1C72AAB37CB006735DA /* SearchViewModelTest.swift in Sources */ = {isa = PBXBuildFile; fileRef = 4DA6D1C62AAB37CB006735DA /* SearchViewModelTest.swift */; };
		4DA6D1C92AAB38EC006735DA /* SearchUseCasesMock.swift in Sources */ = {isa = PBXBuildFile; fileRef = 4DA6D1C82AAB38EC006735DA /* SearchUseCasesMock.swift */; };
		4DA6D1CB2AAB3BE6006735DA /* CDCityTestMock.swift in Sources */ = {isa = PBXBuildFile; fileRef = 4DA6D1CA2AAB3BE6006735DA /* CDCityTestMock.swift */; };
		4DB963102AA8FE68004C4C5B /* AppDelegate.swift in Sources */ = {isa = PBXBuildFile; fileRef = 4DB9630F2AA8FE68004C4C5B /* AppDelegate.swift */; };
		4DB963142AA8FE68004C4C5B /* CityViewController.swift in Sources */ = {isa = PBXBuildFile; fileRef = 4DB963132AA8FE68004C4C5B /* CityViewController.swift */; };
		4DB963172AA8FE68004C4C5B /* Main.storyboard in Resources */ = {isa = PBXBuildFile; fileRef = 4DB963152AA8FE68004C4C5B /* Main.storyboard */; };
		4DB9631A2AA8FE68004C4C5B /* SwiftWeatherApp.xcdatamodeld in Sources */ = {isa = PBXBuildFile; fileRef = 4DB963182AA8FE68004C4C5B /* SwiftWeatherApp.xcdatamodeld */; };
		4DB9631C2AA8FE69004C4C5B /* Assets.xcassets in Resources */ = {isa = PBXBuildFile; fileRef = 4DB9631B2AA8FE69004C4C5B /* Assets.xcassets */; };
		4DB9631F2AA8FE69004C4C5B /* LaunchScreen.storyboard in Resources */ = {isa = PBXBuildFile; fileRef = 4DB9631D2AA8FE69004C4C5B /* LaunchScreen.storyboard */; };
		4DB9632A2AA8FE69004C4C5B /* SwiftWeatherAppTests.swift in Sources */ = {isa = PBXBuildFile; fileRef = 4DB963292AA8FE69004C4C5B /* SwiftWeatherAppTests.swift */; };
		4DB963342AA8FE69004C4C5B /* SwiftWeatherAppUITests.swift in Sources */ = {isa = PBXBuildFile; fileRef = 4DB963332AA8FE69004C4C5B /* SwiftWeatherAppUITests.swift */; };
		4DB963362AA8FE69004C4C5B /* SwiftWeatherAppUITestsLaunchTests.swift in Sources */ = {isa = PBXBuildFile; fileRef = 4DB963352AA8FE69004C4C5B /* SwiftWeatherAppUITestsLaunchTests.swift */; };
/* End PBXBuildFile section */

/* Begin PBXContainerItemProxy section */
		4DB963262AA8FE69004C4C5B /* PBXContainerItemProxy */ = {
			isa = PBXContainerItemProxy;
			containerPortal = 4DB963042AA8FE68004C4C5B /* Project object */;
			proxyType = 1;
			remoteGlobalIDString = 4DB9630B2AA8FE68004C4C5B;
			remoteInfo = SwiftWeatherApp;
		};
		4DB963302AA8FE69004C4C5B /* PBXContainerItemProxy */ = {
			isa = PBXContainerItemProxy;
			containerPortal = 4DB963042AA8FE68004C4C5B /* Project object */;
			proxyType = 1;
			remoteGlobalIDString = 4DB9630B2AA8FE68004C4C5B;
			remoteInfo = SwiftWeatherApp;
		};
/* End PBXContainerItemProxy section */

/* Begin PBXFileReference section */
		009515E8C9DBFD36E612336E /* Pods-SwiftWeatherAppTests.debug.xcconfig */ = {isa = PBXFileReference; includeInIndex = 1; lastKnownFileType = text.xcconfig; name = "Pods-SwiftWeatherAppTests.debug.xcconfig"; path = "Target Support Files/Pods-SwiftWeatherAppTests/Pods-SwiftWeatherAppTests.debug.xcconfig"; sourceTree = "<group>"; };
		3B496EB11E7DB55064772D91 /* Pods_SwiftWeatherAppTests.framework */ = {isa = PBXFileReference; explicitFileType = wrapper.framework; includeInIndex = 0; path = Pods_SwiftWeatherAppTests.framework; sourceTree = BUILT_PRODUCTS_DIR; };
		4D1BC2CC2AA9BC9D00CE9D38 /* NetworkHeader.h */ = {isa = PBXFileReference; lastKnownFileType = sourcecode.c.h; path = NetworkHeader.h; sourceTree = "<group>"; };
		4D1BC2D22AA9C24700CE9D38 /* NetworkManager.h */ = {isa = PBXFileReference; lastKnownFileType = sourcecode.c.h; path = NetworkManager.h; sourceTree = "<group>"; };
		4D1BC2D32AA9C24700CE9D38 /* NetworkManager.m */ = {isa = PBXFileReference; lastKnownFileType = sourcecode.c.objc; path = NetworkManager.m; sourceTree = "<group>"; };
		4D1BC2E02AA9D08F00CE9D38 /* Model.swift */ = {isa = PBXFileReference; fileEncoding = 4; lastKnownFileType = sourcecode.swift; path = Model.swift; sourceTree = "<group>"; };
		4D1BC2E22AA9D08F00CE9D38 /* WeatherTargetType.swift */ = {isa = PBXFileReference; fileEncoding = 4; lastKnownFileType = sourcecode.swift; path = WeatherTargetType.swift; sourceTree = "<group>"; };
		4D1BC2E32AA9D08F00CE9D38 /* DefaultWeatherUseCases.swift */ = {isa = PBXFileReference; fileEncoding = 4; lastKnownFileType = sourcecode.swift; path = DefaultWeatherUseCases.swift; sourceTree = "<group>"; };
		4D1BC2E82AA9D0AC00CE9D38 /* TargetType.swift */ = {isa = PBXFileReference; fileEncoding = 4; lastKnownFileType = sourcecode.swift; path = TargetType.swift; sourceTree = "<group>"; };
		4D1BC2E92AA9D0AC00CE9D38 /* Router.swift */ = {isa = PBXFileReference; fileEncoding = 4; lastKnownFileType = sourcecode.swift; path = Router.swift; sourceTree = "<group>"; };
		4D1BC2EC2AA9D63400CE9D38 /* WeatherViewModel.swift */ = {isa = PBXFileReference; lastKnownFileType = sourcecode.swift; path = WeatherViewModel.swift; sourceTree = "<group>"; };
		4D1BC2EE2AA9D6FE00CE9D38 /* SceneDelegate.swift */ = {isa = PBXFileReference; fileEncoding = 4; lastKnownFileType = sourcecode.swift; path = SceneDelegate.swift; sourceTree = "<group>"; };
		4DA6D1772AA9E4C1006735DA /* AppConstant.swift */ = {isa = PBXFileReference; lastKnownFileType = sourcecode.swift; path = AppConstant.swift; sourceTree = "<group>"; };
		4DA6D17A2AA9FDE3006735DA /* SearchViewController.swift */ = {isa = PBXFileReference; fileEncoding = 4; lastKnownFileType = sourcecode.swift; path = SearchViewController.swift; sourceTree = "<group>"; };
		4DA6D17D2AA9FE4F006735DA /* CityTargetType.swift */ = {isa = PBXFileReference; fileEncoding = 4; lastKnownFileType = sourcecode.swift; path = CityTargetType.swift; sourceTree = "<group>"; };
		4DA6D17E2AA9FE4F006735DA /* DefaultCityUseCases.swift */ = {isa = PBXFileReference; fileEncoding = 4; lastKnownFileType = sourcecode.swift; path = DefaultCityUseCases.swift; sourceTree = "<group>"; };
		4DA6D1812AA9FF27006735DA /* SearchViewModel.swift */ = {isa = PBXFileReference; lastKnownFileType = sourcecode.swift; path = SearchViewModel.swift; sourceTree = "<group>"; };
		4DA6D1852AAA018F006735DA /* City.swift */ = {isa = PBXFileReference; lastKnownFileType = sourcecode.swift; path = City.swift; sourceTree = "<group>"; };
		4DA6D18A2AAA46AE006735DA /* CityToSearchRouter.swift */ = {isa = PBXFileReference; fileEncoding = 4; lastKnownFileType = sourcecode.swift; path = CityToSearchRouter.swift; sourceTree = "<group>"; };
		4DA6D18C2AAA644D006735DA /* App Router.swift */ = {isa = PBXFileReference; fileEncoding = 4; lastKnownFileType = sourcecode.swift; path = "App Router.swift"; sourceTree = "<group>"; };
		4DA6D18F2AAA6AC5006735DA /* UIViewController+Helper.swift */ = {isa = PBXFileReference; lastKnownFileType = sourcecode.swift; path = "UIViewController+Helper.swift"; sourceTree = "<group>"; };
		4DA6D1952AAA840A006735DA /* WeatherViewController.swift */ = {isa = PBXFileReference; lastKnownFileType = sourcecode.swift; path = WeatherViewController.swift; sourceTree = "<group>"; };
		4DA6D1982AAA8F62006735DA /* UIImageView+Helper.swift */ = {isa = PBXFileReference; lastKnownFileType = sourcecode.swift; path = "UIImageView+Helper.swift"; sourceTree = "<group>"; };
		4DA6D19B2AAB013B006735DA /* BaseRepository.swift */ = {isa = PBXFileReference; fileEncoding = 4; lastKnownFileType = sourcecode.swift; path = BaseRepository.swift; sourceTree = "<group>"; };
		4DA6D19E2AAB0199006735DA /* CityDataRepository.swift */ = {isa = PBXFileReference; fileEncoding = 4; lastKnownFileType = sourcecode.swift; path = CityDataRepository.swift; sourceTree = "<group>"; };
		4DA6D1B42AAB06F5006735DA /* PersistentStorage.swift */ = {isa = PBXFileReference; lastKnownFileType = sourcecode.swift; path = PersistentStorage.swift; sourceTree = "<group>"; };
		4DA6D1B82AAB0E4E006735DA /* CDCity+CoreDataProperties.swift */ = {isa = PBXFileReference; lastKnownFileType = sourcecode.swift; path = "CDCity+CoreDataProperties.swift"; sourceTree = SOURCE_ROOT; };
		4DA6D1BA2AAB0E81006735DA /* CDCity+CoreDataClass.swift */ = {isa = PBXFileReference; fileEncoding = 4; lastKnownFileType = sourcecode.swift; path = "CDCity+CoreDataClass.swift"; sourceTree = SOURCE_ROOT; };
		4DA6D1BC2AAB102D006735DA /* CDCity.swift */ = {isa = PBXFileReference; lastKnownFileType = sourcecode.swift; path = CDCity.swift; sourceTree = "<group>"; };
		4DA6D1BE2AAB1338006735DA /* MiddleFasadeLayer.swift */ = {isa = PBXFileReference; lastKnownFileType = sourcecode.swift; path = MiddleFasadeLayer.swift; sourceTree = "<group>"; };
		4DA6D1C12AAB1895006735DA /* CityViewModel.swift */ = {isa = PBXFileReference; lastKnownFileType = sourcecode.swift; path = CityViewModel.swift; sourceTree = "<group>"; };
		4DA6D1C42AAB2252006735DA /* UIDateTime+Helper.swift */ = {isa = PBXFileReference; lastKnownFileType = sourcecode.swift; path = "UIDateTime+Helper.swift"; sourceTree = "<group>"; };
		4DA6D1C62AAB37CB006735DA /* SearchViewModelTest.swift */ = {isa = PBXFileReference; lastKnownFileType = sourcecode.swift; path = SearchViewModelTest.swift; sourceTree = "<group>"; };
		4DA6D1C82AAB38EC006735DA /* SearchUseCasesMock.swift */ = {isa = PBXFileReference; fileEncoding = 4; lastKnownFileType = sourcecode.swift; path = SearchUseCasesMock.swift; sourceTree = "<group>"; };
		4DA6D1CA2AAB3BE6006735DA /* CDCityTestMock.swift */ = {isa = PBXFileReference; lastKnownFileType = sourcecode.swift; path = CDCityTestMock.swift; sourceTree = "<group>"; };
		4DB9630C2AA8FE68004C4C5B /* SwiftWeatherApp.app */ = {isa = PBXFileReference; explicitFileType = wrapper.application; includeInIndex = 0; path = SwiftWeatherApp.app; sourceTree = BUILT_PRODUCTS_DIR; };
		4DB9630F2AA8FE68004C4C5B /* AppDelegate.swift */ = {isa = PBXFileReference; lastKnownFileType = sourcecode.swift; path = AppDelegate.swift; sourceTree = "<group>"; };
		4DB963132AA8FE68004C4C5B /* CityViewController.swift */ = {isa = PBXFileReference; lastKnownFileType = sourcecode.swift; path = CityViewController.swift; sourceTree = "<group>"; };
		4DB963162AA8FE68004C4C5B /* Base */ = {isa = PBXFileReference; lastKnownFileType = file.storyboard; name = Base; path = Base.lproj/Main.storyboard; sourceTree = "<group>"; };
		4DB963192AA8FE68004C4C5B /* SwiftWeatherApp.xcdatamodel */ = {isa = PBXFileReference; lastKnownFileType = wrapper.xcdatamodel; path = SwiftWeatherApp.xcdatamodel; sourceTree = "<group>"; };
		4DB9631B2AA8FE69004C4C5B /* Assets.xcassets */ = {isa = PBXFileReference; lastKnownFileType = folder.assetcatalog; path = Assets.xcassets; sourceTree = "<group>"; };
		4DB9631E2AA8FE69004C4C5B /* Base */ = {isa = PBXFileReference; lastKnownFileType = file.storyboard; name = Base; path = Base.lproj/LaunchScreen.storyboard; sourceTree = "<group>"; };
		4DB963202AA8FE69004C4C5B /* Info.plist */ = {isa = PBXFileReference; lastKnownFileType = text.plist.xml; path = Info.plist; sourceTree = "<group>"; };
		4DB963252AA8FE69004C4C5B /* SwiftWeatherAppTests.xctest */ = {isa = PBXFileReference; explicitFileType = wrapper.cfbundle; includeInIndex = 0; path = SwiftWeatherAppTests.xctest; sourceTree = BUILT_PRODUCTS_DIR; };
		4DB963292AA8FE69004C4C5B /* SwiftWeatherAppTests.swift */ = {isa = PBXFileReference; lastKnownFileType = sourcecode.swift; path = SwiftWeatherAppTests.swift; sourceTree = "<group>"; };
		4DB9632F2AA8FE69004C4C5B /* SwiftWeatherAppUITests.xctest */ = {isa = PBXFileReference; explicitFileType = wrapper.cfbundle; includeInIndex = 0; path = SwiftWeatherAppUITests.xctest; sourceTree = BUILT_PRODUCTS_DIR; };
		4DB963332AA8FE69004C4C5B /* SwiftWeatherAppUITests.swift */ = {isa = PBXFileReference; lastKnownFileType = sourcecode.swift; path = SwiftWeatherAppUITests.swift; sourceTree = "<group>"; };
		4DB963352AA8FE69004C4C5B /* SwiftWeatherAppUITestsLaunchTests.swift */ = {isa = PBXFileReference; lastKnownFileType = sourcecode.swift; path = SwiftWeatherAppUITestsLaunchTests.swift; sourceTree = "<group>"; };
		589B3CF8D35FDA6C47A94FAA /* Pods-SwiftWeatherApp-SwiftWeatherAppUITests.debug.xcconfig */ = {isa = PBXFileReference; includeInIndex = 1; lastKnownFileType = text.xcconfig; name = "Pods-SwiftWeatherApp-SwiftWeatherAppUITests.debug.xcconfig"; path = "Target Support Files/Pods-SwiftWeatherApp-SwiftWeatherAppUITests/Pods-SwiftWeatherApp-SwiftWeatherAppUITests.debug.xcconfig"; sourceTree = "<group>"; };
		67CC916D6465E2EAB1C20D9E /* Pods_SwiftWeatherApp_SwiftWeatherAppUITests.framework */ = {isa = PBXFileReference; explicitFileType = wrapper.framework; includeInIndex = 0; path = Pods_SwiftWeatherApp_SwiftWeatherAppUITests.framework; sourceTree = BUILT_PRODUCTS_DIR; };
		688AA9E468F79462EF266481 /* Pods-SwiftWeatherApp.debug.xcconfig */ = {isa = PBXFileReference; includeInIndex = 1; lastKnownFileType = text.xcconfig; name = "Pods-SwiftWeatherApp.debug.xcconfig"; path = "Target Support Files/Pods-SwiftWeatherApp/Pods-SwiftWeatherApp.debug.xcconfig"; sourceTree = "<group>"; };
		7546E19E4958A7784B632763 /* Pods-SwiftWeatherAppTests.release.xcconfig */ = {isa = PBXFileReference; includeInIndex = 1; lastKnownFileType = text.xcconfig; name = "Pods-SwiftWeatherAppTests.release.xcconfig"; path = "Target Support Files/Pods-SwiftWeatherAppTests/Pods-SwiftWeatherAppTests.release.xcconfig"; sourceTree = "<group>"; };
		A0F320C191C0828FABF373C1 /* Pods-SwiftWeatherApp.release.xcconfig */ = {isa = PBXFileReference; includeInIndex = 1; lastKnownFileType = text.xcconfig; name = "Pods-SwiftWeatherApp.release.xcconfig"; path = "Target Support Files/Pods-SwiftWeatherApp/Pods-SwiftWeatherApp.release.xcconfig"; sourceTree = "<group>"; };
		C305FAA3879AD3C262B84E8E /* Pods-SwiftWeatherApp-SwiftWeatherAppUITests.release.xcconfig */ = {isa = PBXFileReference; includeInIndex = 1; lastKnownFileType = text.xcconfig; name = "Pods-SwiftWeatherApp-SwiftWeatherAppUITests.release.xcconfig"; path = "Target Support Files/Pods-SwiftWeatherApp-SwiftWeatherAppUITests/Pods-SwiftWeatherApp-SwiftWeatherAppUITests.release.xcconfig"; sourceTree = "<group>"; };
		D61E04B8A203ABD094F85525 /* Pods_SwiftWeatherApp.framework */ = {isa = PBXFileReference; explicitFileType = wrapper.framework; includeInIndex = 0; path = Pods_SwiftWeatherApp.framework; sourceTree = BUILT_PRODUCTS_DIR; };
/* End PBXFileReference section */

/* Begin PBXFrameworksBuildPhase section */
		4DB963092AA8FE68004C4C5B /* Frameworks */ = {
			isa = PBXFrameworksBuildPhase;
			buildActionMask = 2147483647;
			files = (
				043390DA56B4268C90F593AB /* Pods_SwiftWeatherApp.framework in Frameworks */,
			);
			runOnlyForDeploymentPostprocessing = 0;
		};
		4DB963222AA8FE69004C4C5B /* Frameworks */ = {
			isa = PBXFrameworksBuildPhase;
			buildActionMask = 2147483647;
			files = (
				4C306C1BEC146CA723D24E8A /* Pods_SwiftWeatherAppTests.framework in Frameworks */,
			);
			runOnlyForDeploymentPostprocessing = 0;
		};
		4DB9632C2AA8FE69004C4C5B /* Frameworks */ = {
			isa = PBXFrameworksBuildPhase;
			buildActionMask = 2147483647;
			files = (
				264C304A89A50ED486EDCE8B /* Pods_SwiftWeatherApp_SwiftWeatherAppUITests.framework in Frameworks */,
			);
			runOnlyForDeploymentPostprocessing = 0;
		};
/* End PBXFrameworksBuildPhase section */

/* Begin PBXGroup section */
		4D1BC2CD2AA9C02800CE9D38 /* Networking */ = {
			isa = PBXGroup;
			children = (
				4D1BC2D22AA9C24700CE9D38 /* NetworkManager.h */,
				4D1BC2D32AA9C24700CE9D38 /* NetworkManager.m */,
			);
			path = Networking;
			sourceTree = "<group>";
		};
		4D1BC2DD2AA9D05F00CE9D38 /* UIViews */ = {
			isa = PBXGroup;
			children = (
				4DB963152AA8FE68004C4C5B /* Main.storyboard */,
				4DB9631D2AA8FE69004C4C5B /* LaunchScreen.storyboard */,
			);
			path = UIViews;
			sourceTree = "<group>";
		};
		4D1BC2DE2AA9D08F00CE9D38 /* Weather */ = {
			isa = PBXGroup;
			children = (
				4D1BC2DF2AA9D08F00CE9D38 /* Api Model */,
				4D1BC2E12AA9D08F00CE9D38 /* Service */,
				4DA6D1942AAA7699006735DA /* ViewModel */,
				4DA6D1972AAA8415006735DA /* View */,
			);
			path = Weather;
			sourceTree = SOURCE_ROOT;
		};
		4D1BC2DF2AA9D08F00CE9D38 /* Api Model */ = {
			isa = PBXGroup;
			children = (
				4D1BC2E02AA9D08F00CE9D38 /* Model.swift */,
			);
			path = "Api Model";
			sourceTree = "<group>";
		};
		4D1BC2E12AA9D08F00CE9D38 /* Service */ = {
			isa = PBXGroup;
			children = (
				4D1BC2E22AA9D08F00CE9D38 /* WeatherTargetType.swift */,
				4D1BC2E32AA9D08F00CE9D38 /* DefaultWeatherUseCases.swift */,
			);
			path = Service;
			sourceTree = "<group>";
		};
		4D1BC2E72AA9D0AC00CE9D38 /* CommonFile */ = {
			isa = PBXGroup;
			children = (
				4D1BC2E82AA9D0AC00CE9D38 /* TargetType.swift */,
				4D1BC2E92AA9D0AC00CE9D38 /* Router.swift */,
				4DA6D1772AA9E4C1006735DA /* AppConstant.swift */,
				4DA6D18F2AAA6AC5006735DA /* UIViewController+Helper.swift */,
				4DA6D1982AAA8F62006735DA /* UIImageView+Helper.swift */,
				4DA6D1C42AAB2252006735DA /* UIDateTime+Helper.swift */,
			);
			path = CommonFile;
			sourceTree = SOURCE_ROOT;
		};
		4DA6D1792AA9FDCE006735DA /* SearchCity */ = {
			isa = PBXGroup;
			children = (
				4DA6D17C2AA9FE4F006735DA /* Service */,
				4DA6D1832AA9FF2B006735DA /* ViewModel */,
				4DA6D1932AAA6C86006735DA /* View */,
				4DA6D1C02AAB133D006735DA /* LayersOfCoreDataModel */,
			);
			path = SearchCity;
			sourceTree = "<group>";
		};
		4DA6D17C2AA9FE4F006735DA /* Service */ = {
			isa = PBXGroup;
			children = (
				4DA6D17D2AA9FE4F006735DA /* CityTargetType.swift */,
				4DA6D17E2AA9FE4F006735DA /* DefaultCityUseCases.swift */,
			);
			path = Service;
			sourceTree = "<group>";
		};
		4DA6D1832AA9FF2B006735DA /* ViewModel */ = {
			isa = PBXGroup;
			children = (
				4DA6D1812AA9FF27006735DA /* SearchViewModel.swift */,
			);
			path = ViewModel;
			sourceTree = "<group>";
		};
		4DA6D1842AAA0183006735DA /* Model */ = {
			isa = PBXGroup;
			children = (
				4DA6D1852AAA018F006735DA /* City.swift */,
				4DA6D1BC2AAB102D006735DA /* CDCity.swift */,
			);
			path = Model;
			sourceTree = "<group>";
		};
		4DA6D1892AAA46AE006735DA /* Router */ = {
			isa = PBXGroup;
			children = (
				4DA6D18A2AAA46AE006735DA /* CityToSearchRouter.swift */,
			);
			path = Router;
			sourceTree = "<group>";
		};
		4DA6D18E2AAA6992006735DA /* App */ = {
			isa = PBXGroup;
			children = (
				4DB9630F2AA8FE68004C4C5B /* AppDelegate.swift */,
				4D1BC2EE2AA9D6FE00CE9D38 /* SceneDelegate.swift */,
				4DA6D1B42AAB06F5006735DA /* PersistentStorage.swift */,
				4DA6D18C2AAA644D006735DA /* App Router.swift */,
			);
			path = App;
			sourceTree = "<group>";
		};
		4DA6D1912AAA6BC8006735DA /* CityList */ = {
			isa = PBXGroup;
			children = (
				4DA6D19D2AAB0165006735DA /* CoreData */,
				4DA6D1842AAA0183006735DA /* Model */,
				4DA6D1892AAA46AE006735DA /* Router */,
				4DA6D1C32AAB1A27006735DA /* ViewModel */,
				4DA6D1922AAA6BDF006735DA /* View */,
			);
			path = CityList;
			sourceTree = "<group>";
		};
		4DA6D1922AAA6BDF006735DA /* View */ = {
			isa = PBXGroup;
			children = (
				4DB963132AA8FE68004C4C5B /* CityViewController.swift */,
			);
			path = View;
			sourceTree = "<group>";
		};
		4DA6D1932AAA6C86006735DA /* View */ = {
			isa = PBXGroup;
			children = (
				4DA6D17A2AA9FDE3006735DA /* SearchViewController.swift */,
			);
			path = View;
			sourceTree = "<group>";
		};
		4DA6D1942AAA7699006735DA /* ViewModel */ = {
			isa = PBXGroup;
			children = (
				4D1BC2EC2AA9D63400CE9D38 /* WeatherViewModel.swift */,
			);
			path = ViewModel;
			sourceTree = "<group>";
		};
		4DA6D1972AAA8415006735DA /* View */ = {
			isa = PBXGroup;
			children = (
				4DA6D1952AAA840A006735DA /* WeatherViewController.swift */,
			);
			path = View;
			sourceTree = "<group>";
		};
		4DA6D19A2AAB0051006735DA /* BaseCDRepository */ = {
			isa = PBXGroup;
			children = (
				4DA6D19B2AAB013B006735DA /* BaseRepository.swift */,
			);
			path = BaseCDRepository;
			sourceTree = "<group>";
		};
		4DA6D19D2AAB0165006735DA /* CoreData */ = {
			isa = PBXGroup;
			children = (
				4DA6D1BA2AAB0E81006735DA /* CDCity+CoreDataClass.swift */,
				4DA6D1B82AAB0E4E006735DA /* CDCity+CoreDataProperties.swift */,
				4DA6D19E2AAB0199006735DA /* CityDataRepository.swift */,
			);
			path = CoreData;
			sourceTree = "<group>";
		};
		4DA6D1C02AAB133D006735DA /* LayersOfCoreDataModel */ = {
			isa = PBXGroup;
			children = (
				4DA6D1BE2AAB1338006735DA /* MiddleFasadeLayer.swift */,
			);
			path = LayersOfCoreDataModel;
			sourceTree = "<group>";
		};
		4DA6D1C32AAB1A27006735DA /* ViewModel */ = {
			isa = PBXGroup;
			children = (
				4DA6D1C12AAB1895006735DA /* CityViewModel.swift */,
			);
			path = ViewModel;
			sourceTree = "<group>";
		};
		4DA6D1CC2AAB4613006735DA /* Search */ = {
			isa = PBXGroup;
			children = (
				4DA6D1C62AAB37CB006735DA /* SearchViewModelTest.swift */,
				4DA6D1C82AAB38EC006735DA /* SearchUseCasesMock.swift */,
				4DB963292AA8FE69004C4C5B /* SwiftWeatherAppTests.swift */,
				4DA6D1CA2AAB3BE6006735DA /* CDCityTestMock.swift */,
			);
			path = Search;
			sourceTree = "<group>";
		};
		4DA6D1CD2AAB4623006735DA /* City */ = {
			isa = PBXGroup;
			children = (
			);
			path = City;
			sourceTree = "<group>";
		};
		4DB963032AA8FE68004C4C5B = {
			isa = PBXGroup;
			children = (
				4D1BC2CC2AA9BC9D00CE9D38 /* NetworkHeader.h */,
				4DB9630E2AA8FE68004C4C5B /* SwiftWeatherApp */,
				4DB963282AA8FE69004C4C5B /* SwiftWeatherAppTests */,
				4DB963322AA8FE69004C4C5B /* SwiftWeatherAppUITests */,
				4DB9630D2AA8FE68004C4C5B /* Products */,
				7CDD6A7B4232A7D089EE44C5 /* Pods */,
				7A465EFC36C2B70F304CC2A4 /* Frameworks */,
			);
			sourceTree = "<group>";
		};
		4DB9630D2AA8FE68004C4C5B /* Products */ = {
			isa = PBXGroup;
			children = (
				4DB9630C2AA8FE68004C4C5B /* SwiftWeatherApp.app */,
				4DB963252AA8FE69004C4C5B /* SwiftWeatherAppTests.xctest */,
				4DB9632F2AA8FE69004C4C5B /* SwiftWeatherAppUITests.xctest */,
			);
			name = Products;
			sourceTree = "<group>";
		};
		4DB9630E2AA8FE68004C4C5B /* SwiftWeatherApp */ = {
			isa = PBXGroup;
			children = (
				4DA6D18E2AAA6992006735DA /* App */,
				4D1BC2CD2AA9C02800CE9D38 /* Networking */,
				4DA6D19A2AAB0051006735DA /* BaseCDRepository */,
				4D1BC2E72AA9D0AC00CE9D38 /* CommonFile */,
				4DA6D1912AAA6BC8006735DA /* CityList */,
				4DA6D1792AA9FDCE006735DA /* SearchCity */,
				4D1BC2DE2AA9D08F00CE9D38 /* Weather */,
				4D1BC2DD2AA9D05F00CE9D38 /* UIViews */,
				4DB9631B2AA8FE69004C4C5B /* Assets.xcassets */,
				4DB963202AA8FE69004C4C5B /* Info.plist */,
				4DB963182AA8FE68004C4C5B /* SwiftWeatherApp.xcdatamodeld */,
			);
			path = SwiftWeatherApp;
			sourceTree = "<group>";
		};
		4DB963282AA8FE69004C4C5B /* SwiftWeatherAppTests */ = {
			isa = PBXGroup;
			children = (
				4DA6D1CD2AAB4623006735DA /* City */,
				4DA6D1CC2AAB4613006735DA /* Search */,
			);
			path = SwiftWeatherAppTests;
			sourceTree = "<group>";
		};
		4DB963322AA8FE69004C4C5B /* SwiftWeatherAppUITests */ = {
			isa = PBXGroup;
			children = (
				4DB963332AA8FE69004C4C5B /* SwiftWeatherAppUITests.swift */,
				4DB963352AA8FE69004C4C5B /* SwiftWeatherAppUITestsLaunchTests.swift */,
			);
			path = SwiftWeatherAppUITests;
			sourceTree = "<group>";
		};
		7A465EFC36C2B70F304CC2A4 /* Frameworks */ = {
			isa = PBXGroup;
			children = (
				D61E04B8A203ABD094F85525 /* Pods_SwiftWeatherApp.framework */,
				67CC916D6465E2EAB1C20D9E /* Pods_SwiftWeatherApp_SwiftWeatherAppUITests.framework */,
				3B496EB11E7DB55064772D91 /* Pods_SwiftWeatherAppTests.framework */,
			);
			name = Frameworks;
			sourceTree = "<group>";
		};
		7CDD6A7B4232A7D089EE44C5 /* Pods */ = {
			isa = PBXGroup;
			children = (
				688AA9E468F79462EF266481 /* Pods-SwiftWeatherApp.debug.xcconfig */,
				A0F320C191C0828FABF373C1 /* Pods-SwiftWeatherApp.release.xcconfig */,
				589B3CF8D35FDA6C47A94FAA /* Pods-SwiftWeatherApp-SwiftWeatherAppUITests.debug.xcconfig */,
				C305FAA3879AD3C262B84E8E /* Pods-SwiftWeatherApp-SwiftWeatherAppUITests.release.xcconfig */,
				009515E8C9DBFD36E612336E /* Pods-SwiftWeatherAppTests.debug.xcconfig */,
				7546E19E4958A7784B632763 /* Pods-SwiftWeatherAppTests.release.xcconfig */,
			);
			path = Pods;
			sourceTree = "<group>";
		};
/* End PBXGroup section */

/* Begin PBXNativeTarget section */
		4DB9630B2AA8FE68004C4C5B /* SwiftWeatherApp */ = {
			isa = PBXNativeTarget;
			buildConfigurationList = 4DB963392AA8FE69004C4C5B /* Build configuration list for PBXNativeTarget "SwiftWeatherApp" */;
			buildPhases = (
				618B6DB12B21448D4FA0D272 /* [CP] Check Pods Manifest.lock */,
				4DB963082AA8FE68004C4C5B /* Sources */,
				4DB963092AA8FE68004C4C5B /* Frameworks */,
				4DB9630A2AA8FE68004C4C5B /* Resources */,
				138F9DFF37D8A19232A56A30 /* [CP] Embed Pods Frameworks */,
			);
			buildRules = (
			);
			dependencies = (
			);
			name = SwiftWeatherApp;
			productName = SwiftWeatherApp;
			productReference = 4DB9630C2AA8FE68004C4C5B /* SwiftWeatherApp.app */;
			productType = "com.apple.product-type.application";
		};
		4DB963242AA8FE69004C4C5B /* SwiftWeatherAppTests */ = {
			isa = PBXNativeTarget;
			buildConfigurationList = 4DB9633C2AA8FE69004C4C5B /* Build configuration list for PBXNativeTarget "SwiftWeatherAppTests" */;
			buildPhases = (
				A95570C2877B8872747D37F2 /* [CP] Check Pods Manifest.lock */,
				4DB963212AA8FE69004C4C5B /* Sources */,
				4DB963222AA8FE69004C4C5B /* Frameworks */,
				4DB963232AA8FE69004C4C5B /* Resources */,
			);
			buildRules = (
			);
			dependencies = (
				4DB963272AA8FE69004C4C5B /* PBXTargetDependency */,
			);
			name = SwiftWeatherAppTests;
			productName = SwiftWeatherAppTests;
			productReference = 4DB963252AA8FE69004C4C5B /* SwiftWeatherAppTests.xctest */;
			productType = "com.apple.product-type.bundle.unit-test";
		};
		4DB9632E2AA8FE69004C4C5B /* SwiftWeatherAppUITests */ = {
			isa = PBXNativeTarget;
			buildConfigurationList = 4DB9633F2AA8FE69004C4C5B /* Build configuration list for PBXNativeTarget "SwiftWeatherAppUITests" */;
			buildPhases = (
				25CE6BCCCB20088204A73A9D /* [CP] Check Pods Manifest.lock */,
				4DB9632B2AA8FE69004C4C5B /* Sources */,
				4DB9632C2AA8FE69004C4C5B /* Frameworks */,
				4DB9632D2AA8FE69004C4C5B /* Resources */,
				05ED14CDE539D2C7517F9B18 /* [CP] Embed Pods Frameworks */,
			);
			buildRules = (
			);
			dependencies = (
				4DB963312AA8FE69004C4C5B /* PBXTargetDependency */,
			);
			name = SwiftWeatherAppUITests;
			productName = SwiftWeatherAppUITests;
			productReference = 4DB9632F2AA8FE69004C4C5B /* SwiftWeatherAppUITests.xctest */;
			productType = "com.apple.product-type.bundle.ui-testing";
		};
/* End PBXNativeTarget section */

/* Begin PBXProject section */
		4DB963042AA8FE68004C4C5B /* Project object */ = {
			isa = PBXProject;
			attributes = {
				BuildIndependentTargetsInParallel = 1;
				LastSwiftUpdateCheck = 1430;
				LastUpgradeCheck = 1430;
				TargetAttributes = {
					4DB9630B2AA8FE68004C4C5B = {
						CreatedOnToolsVersion = 14.3.1;
					};
					4DB963242AA8FE69004C4C5B = {
						CreatedOnToolsVersion = 14.3.1;
						TestTargetID = 4DB9630B2AA8FE68004C4C5B;
					};
					4DB9632E2AA8FE69004C4C5B = {
						CreatedOnToolsVersion = 14.3.1;
						TestTargetID = 4DB9630B2AA8FE68004C4C5B;
					};
				};
			};
			buildConfigurationList = 4DB963072AA8FE68004C4C5B /* Build configuration list for PBXProject "SwiftWeatherApp" */;
			compatibilityVersion = "Xcode 14.0";
			developmentRegion = en;
			hasScannedForEncodings = 0;
			knownRegions = (
				en,
				Base,
			);
			mainGroup = 4DB963032AA8FE68004C4C5B;
			productRefGroup = 4DB9630D2AA8FE68004C4C5B /* Products */;
			projectDirPath = "";
			projectRoot = "";
			targets = (
				4DB9630B2AA8FE68004C4C5B /* SwiftWeatherApp */,
				4DB963242AA8FE69004C4C5B /* SwiftWeatherAppTests */,
				4DB9632E2AA8FE69004C4C5B /* SwiftWeatherAppUITests */,
			);
		};
/* End PBXProject section */

/* Begin PBXResourcesBuildPhase section */
		4DB9630A2AA8FE68004C4C5B /* Resources */ = {
			isa = PBXResourcesBuildPhase;
			buildActionMask = 2147483647;
			files = (
				4DB9631F2AA8FE69004C4C5B /* LaunchScreen.storyboard in Resources */,
				4DB9631C2AA8FE69004C4C5B /* Assets.xcassets in Resources */,
				4DB963172AA8FE68004C4C5B /* Main.storyboard in Resources */,
			);
			runOnlyForDeploymentPostprocessing = 0;
		};
		4DB963232AA8FE69004C4C5B /* Resources */ = {
			isa = PBXResourcesBuildPhase;
			buildActionMask = 2147483647;
			files = (
			);
			runOnlyForDeploymentPostprocessing = 0;
		};
		4DB9632D2AA8FE69004C4C5B /* Resources */ = {
			isa = PBXResourcesBuildPhase;
			buildActionMask = 2147483647;
			files = (
			);
			runOnlyForDeploymentPostprocessing = 0;
		};
/* End PBXResourcesBuildPhase section */

/* Begin PBXShellScriptBuildPhase section */
		05ED14CDE539D2C7517F9B18 /* [CP] Embed Pods Frameworks */ = {
			isa = PBXShellScriptBuildPhase;
			buildActionMask = 2147483647;
			files = (
			);
			inputFileListPaths = (
				"${PODS_ROOT}/Target Support Files/Pods-SwiftWeatherApp-SwiftWeatherAppUITests/Pods-SwiftWeatherApp-SwiftWeatherAppUITests-frameworks-${CONFIGURATION}-input-files.xcfilelist",
			);
			name = "[CP] Embed Pods Frameworks";
			outputFileListPaths = (
				"${PODS_ROOT}/Target Support Files/Pods-SwiftWeatherApp-SwiftWeatherAppUITests/Pods-SwiftWeatherApp-SwiftWeatherAppUITests-frameworks-${CONFIGURATION}-output-files.xcfilelist",
			);
			runOnlyForDeploymentPostprocessing = 0;
			shellPath = /bin/sh;
			shellScript = "\"${PODS_ROOT}/Target Support Files/Pods-SwiftWeatherApp-SwiftWeatherAppUITests/Pods-SwiftWeatherApp-SwiftWeatherAppUITests-frameworks.sh\"\n";
			showEnvVarsInLog = 0;
		};
		138F9DFF37D8A19232A56A30 /* [CP] Embed Pods Frameworks */ = {
			isa = PBXShellScriptBuildPhase;
			buildActionMask = 2147483647;
			files = (
			);
			inputFileListPaths = (
				"${PODS_ROOT}/Target Support Files/Pods-SwiftWeatherApp/Pods-SwiftWeatherApp-frameworks-${CONFIGURATION}-input-files.xcfilelist",
			);
			name = "[CP] Embed Pods Frameworks";
			outputFileListPaths = (
				"${PODS_ROOT}/Target Support Files/Pods-SwiftWeatherApp/Pods-SwiftWeatherApp-frameworks-${CONFIGURATION}-output-files.xcfilelist",
			);
			runOnlyForDeploymentPostprocessing = 0;
			shellPath = /bin/sh;
			shellScript = "\"${PODS_ROOT}/Target Support Files/Pods-SwiftWeatherApp/Pods-SwiftWeatherApp-frameworks.sh\"\n";
			showEnvVarsInLog = 0;
		};
		25CE6BCCCB20088204A73A9D /* [CP] Check Pods Manifest.lock */ = {
			isa = PBXShellScriptBuildPhase;
			buildActionMask = 2147483647;
			files = (
			);
			inputFileListPaths = (
			);
			inputPaths = (
				"${PODS_PODFILE_DIR_PATH}/Podfile.lock",
				"${PODS_ROOT}/Manifest.lock",
			);
			name = "[CP] Check Pods Manifest.lock";
			outputFileListPaths = (
			);
			outputPaths = (
				"$(DERIVED_FILE_DIR)/Pods-SwiftWeatherApp-SwiftWeatherAppUITests-checkManifestLockResult.txt",
			);
			runOnlyForDeploymentPostprocessing = 0;
			shellPath = /bin/sh;
			shellScript = "diff \"${PODS_PODFILE_DIR_PATH}/Podfile.lock\" \"${PODS_ROOT}/Manifest.lock\" > /dev/null\nif [ $? != 0 ] ; then\n    # print error to STDERR\n    echo \"error: The sandbox is not in sync with the Podfile.lock. Run 'pod install' or update your CocoaPods installation.\" >&2\n    exit 1\nfi\n# This output is used by Xcode 'outputs' to avoid re-running this script phase.\necho \"SUCCESS\" > \"${SCRIPT_OUTPUT_FILE_0}\"\n";
			showEnvVarsInLog = 0;
		};
		618B6DB12B21448D4FA0D272 /* [CP] Check Pods Manifest.lock */ = {
			isa = PBXShellScriptBuildPhase;
			buildActionMask = 2147483647;
			files = (
			);
			inputFileListPaths = (
			);
			inputPaths = (
				"${PODS_PODFILE_DIR_PATH}/Podfile.lock",
				"${PODS_ROOT}/Manifest.lock",
			);
			name = "[CP] Check Pods Manifest.lock";
			outputFileListPaths = (
			);
			outputPaths = (
				"$(DERIVED_FILE_DIR)/Pods-SwiftWeatherApp-checkManifestLockResult.txt",
			);
			runOnlyForDeploymentPostprocessing = 0;
			shellPath = /bin/sh;
			shellScript = "diff \"${PODS_PODFILE_DIR_PATH}/Podfile.lock\" \"${PODS_ROOT}/Manifest.lock\" > /dev/null\nif [ $? != 0 ] ; then\n    # print error to STDERR\n    echo \"error: The sandbox is not in sync with the Podfile.lock. Run 'pod install' or update your CocoaPods installation.\" >&2\n    exit 1\nfi\n# This output is used by Xcode 'outputs' to avoid re-running this script phase.\necho \"SUCCESS\" > \"${SCRIPT_OUTPUT_FILE_0}\"\n";
			showEnvVarsInLog = 0;
		};
		A95570C2877B8872747D37F2 /* [CP] Check Pods Manifest.lock */ = {
			isa = PBXShellScriptBuildPhase;
			buildActionMask = 2147483647;
			files = (
			);
			inputFileListPaths = (
			);
			inputPaths = (
				"${PODS_PODFILE_DIR_PATH}/Podfile.lock",
				"${PODS_ROOT}/Manifest.lock",
			);
			name = "[CP] Check Pods Manifest.lock";
			outputFileListPaths = (
			);
			outputPaths = (
				"$(DERIVED_FILE_DIR)/Pods-SwiftWeatherAppTests-checkManifestLockResult.txt",
			);
			runOnlyForDeploymentPostprocessing = 0;
			shellPath = /bin/sh;
			shellScript = "diff \"${PODS_PODFILE_DIR_PATH}/Podfile.lock\" \"${PODS_ROOT}/Manifest.lock\" > /dev/null\nif [ $? != 0 ] ; then\n    # print error to STDERR\n    echo \"error: The sandbox is not in sync with the Podfile.lock. Run 'pod install' or update your CocoaPods installation.\" >&2\n    exit 1\nfi\n# This output is used by Xcode 'outputs' to avoid re-running this script phase.\necho \"SUCCESS\" > \"${SCRIPT_OUTPUT_FILE_0}\"\n";
			showEnvVarsInLog = 0;
		};
/* End PBXShellScriptBuildPhase section */

/* Begin PBXSourcesBuildPhase section */
		4DB963082AA8FE68004C4C5B /* Sources */ = {
			isa = PBXSourcesBuildPhase;
			buildActionMask = 2147483647;
			files = (
				4DA6D1C22AAB1895006735DA /* CityViewModel.swift in Sources */,
				4D1BC2E42AA9D08F00CE9D38 /* Model.swift in Sources */,
				4DA6D1BD2AAB102D006735DA /* CDCity.swift in Sources */,
				4DB963142AA8FE68004C4C5B /* CityViewController.swift in Sources */,
				4DA6D1992AAA8F62006735DA /* UIImageView+Helper.swift in Sources */,
				4D1BC2E52AA9D08F00CE9D38 /* WeatherTargetType.swift in Sources */,
				4DA6D1802AA9FE4F006735DA /* DefaultCityUseCases.swift in Sources */,
				4DA6D1902AAA6AC5006735DA /* UIViewController+Helper.swift in Sources */,
				4DA6D1C52AAB2252006735DA /* UIDateTime+Helper.swift in Sources */,
				4DA6D19F2AAB0199006735DA /* CityDataRepository.swift in Sources */,
				4DA6D1782AA9E4C1006735DA /* AppConstant.swift in Sources */,
				4D1BC2E62AA9D08F00CE9D38 /* DefaultWeatherUseCases.swift in Sources */,
				4D1BC2EB2AA9D0AC00CE9D38 /* Router.swift in Sources */,
				4DA6D1822AA9FF27006735DA /* SearchViewModel.swift in Sources */,
				4DA6D18B2AAA46AE006735DA /* CityToSearchRouter.swift in Sources */,
				4DA6D18D2AAA644D006735DA /* App Router.swift in Sources */,
				4D1BC2ED2AA9D63400CE9D38 /* WeatherViewModel.swift in Sources */,
				4DA6D1BF2AAB1338006735DA /* MiddleFasadeLayer.swift in Sources */,
				4DA6D1B92AAB0E4E006735DA /* CDCity+CoreDataProperties.swift in Sources */,
				4DA6D1862AAA018F006735DA /* City.swift in Sources */,
				4DA6D1BB2AAB0E81006735DA /* CDCity+CoreDataClass.swift in Sources */,
				4DA6D1B52AAB06F5006735DA /* PersistentStorage.swift in Sources */,
				4D1BC2EA2AA9D0AC00CE9D38 /* TargetType.swift in Sources */,
				4DA6D17B2AA9FDE3006735DA /* SearchViewController.swift in Sources */,
				4D1BC2EF2AA9D6FE00CE9D38 /* SceneDelegate.swift in Sources */,
				4DA6D19C2AAB013B006735DA /* BaseRepository.swift in Sources */,
				4DB963102AA8FE68004C4C5B /* AppDelegate.swift in Sources */,
				4DB9631A2AA8FE68004C4C5B /* SwiftWeatherApp.xcdatamodeld in Sources */,
				4D1BC2D42AA9C24700CE9D38 /* NetworkManager.m in Sources */,
				4DA6D17F2AA9FE4F006735DA /* CityTargetType.swift in Sources */,
				4DA6D1962AAA840A006735DA /* WeatherViewController.swift in Sources */,
			);
			runOnlyForDeploymentPostprocessing = 0;
		};
		4DB963212AA8FE69004C4C5B /* Sources */ = {
			isa = PBXSourcesBuildPhase;
			buildActionMask = 2147483647;
			files = (
				4DA6D1C72AAB37CB006735DA /* SearchViewModelTest.swift in Sources */,
				4DA6D1CB2AAB3BE6006735DA /* CDCityTestMock.swift in Sources */,
				4DB9632A2AA8FE69004C4C5B /* SwiftWeatherAppTests.swift in Sources */,
				4DA6D1C92AAB38EC006735DA /* SearchUseCasesMock.swift in Sources */,
			);
			runOnlyForDeploymentPostprocessing = 0;
		};
		4DB9632B2AA8FE69004C4C5B /* Sources */ = {
			isa = PBXSourcesBuildPhase;
			buildActionMask = 2147483647;
			files = (
				4DB963342AA8FE69004C4C5B /* SwiftWeatherAppUITests.swift in Sources */,
				4DB963362AA8FE69004C4C5B /* SwiftWeatherAppUITestsLaunchTests.swift in Sources */,
			);
			runOnlyForDeploymentPostprocessing = 0;
		};
/* End PBXSourcesBuildPhase section */

/* Begin PBXTargetDependency section */
		4DB963272AA8FE69004C4C5B /* PBXTargetDependency */ = {
			isa = PBXTargetDependency;
			target = 4DB9630B2AA8FE68004C4C5B /* SwiftWeatherApp */;
			targetProxy = 4DB963262AA8FE69004C4C5B /* PBXContainerItemProxy */;
		};
		4DB963312AA8FE69004C4C5B /* PBXTargetDependency */ = {
			isa = PBXTargetDependency;
			target = 4DB9630B2AA8FE68004C4C5B /* SwiftWeatherApp */;
			targetProxy = 4DB963302AA8FE69004C4C5B /* PBXContainerItemProxy */;
		};
/* End PBXTargetDependency section */

/* Begin PBXVariantGroup section */
		4DB963152AA8FE68004C4C5B /* Main.storyboard */ = {
			isa = PBXVariantGroup;
			children = (
				4DB963162AA8FE68004C4C5B /* Base */,
			);
			name = Main.storyboard;
			sourceTree = "<group>";
		};
		4DB9631D2AA8FE69004C4C5B /* LaunchScreen.storyboard */ = {
			isa = PBXVariantGroup;
			children = (
				4DB9631E2AA8FE69004C4C5B /* Base */,
			);
			name = LaunchScreen.storyboard;
			sourceTree = "<group>";
		};
/* End PBXVariantGroup section */

/* Begin XCBuildConfiguration section */
		4DB963372AA8FE69004C4C5B /* Debug */ = {
			isa = XCBuildConfiguration;
			buildSettings = {
				ALWAYS_SEARCH_USER_PATHS = NO;
				CLANG_ANALYZER_NONNULL = YES;
				CLANG_ANALYZER_NUMBER_OBJECT_CONVERSION = YES_AGGRESSIVE;
				CLANG_CXX_LANGUAGE_STANDARD = "gnu++20";
				CLANG_ENABLE_MODULES = YES;
				CLANG_ENABLE_OBJC_ARC = YES;
				CLANG_ENABLE_OBJC_WEAK = YES;
				CLANG_WARN_BLOCK_CAPTURE_AUTORELEASING = YES;
				CLANG_WARN_BOOL_CONVERSION = YES;
				CLANG_WARN_COMMA = YES;
				CLANG_WARN_CONSTANT_CONVERSION = YES;
				CLANG_WARN_DEPRECATED_OBJC_IMPLEMENTATIONS = YES;
				CLANG_WARN_DIRECT_OBJC_ISA_USAGE = YES_ERROR;
				CLANG_WARN_DOCUMENTATION_COMMENTS = YES;
				CLANG_WARN_EMPTY_BODY = YES;
				CLANG_WARN_ENUM_CONVERSION = YES;
				CLANG_WARN_INFINITE_RECURSION = YES;
				CLANG_WARN_INT_CONVERSION = YES;
				CLANG_WARN_NON_LITERAL_NULL_CONVERSION = YES;
				CLANG_WARN_OBJC_IMPLICIT_RETAIN_SELF = YES;
				CLANG_WARN_OBJC_LITERAL_CONVERSION = YES;
				CLANG_WARN_OBJC_ROOT_CLASS = YES_ERROR;
				CLANG_WARN_QUOTED_INCLUDE_IN_FRAMEWORK_HEADER = YES;
				CLANG_WARN_RANGE_LOOP_ANALYSIS = YES;
				CLANG_WARN_STRICT_PROTOTYPES = YES;
				CLANG_WARN_SUSPICIOUS_MOVE = YES;
				CLANG_WARN_UNGUARDED_AVAILABILITY = YES_AGGRESSIVE;
				CLANG_WARN_UNREACHABLE_CODE = YES;
				CLANG_WARN__DUPLICATE_METHOD_MATCH = YES;
				COPY_PHASE_STRIP = NO;
				DEBUG_INFORMATION_FORMAT = dwarf;
				ENABLE_STRICT_OBJC_MSGSEND = YES;
				ENABLE_TESTABILITY = YES;
				GCC_C_LANGUAGE_STANDARD = gnu11;
				GCC_DYNAMIC_NO_PIC = NO;
				GCC_NO_COMMON_BLOCKS = YES;
				GCC_OPTIMIZATION_LEVEL = 0;
				GCC_PREPROCESSOR_DEFINITIONS = (
					"DEBUG=1",
					"$(inherited)",
				);
				GCC_WARN_64_TO_32_BIT_CONVERSION = YES;
				GCC_WARN_ABOUT_RETURN_TYPE = YES_ERROR;
				GCC_WARN_UNDECLARED_SELECTOR = YES;
				GCC_WARN_UNINITIALIZED_AUTOS = YES_AGGRESSIVE;
				GCC_WARN_UNUSED_FUNCTION = YES;
				GCC_WARN_UNUSED_VARIABLE = YES;
				IPHONEOS_DEPLOYMENT_TARGET = 16.4;
				MTL_ENABLE_DEBUG_INFO = INCLUDE_SOURCE;
				MTL_FAST_MATH = YES;
				ONLY_ACTIVE_ARCH = YES;
				SDKROOT = iphoneos;
				SWIFT_ACTIVE_COMPILATION_CONDITIONS = DEBUG;
				SWIFT_OPTIMIZATION_LEVEL = "-Onone";
			};
			name = Debug;
		};
		4DB963382AA8FE69004C4C5B /* Release */ = {
			isa = XCBuildConfiguration;
			buildSettings = {
				ALWAYS_SEARCH_USER_PATHS = NO;
				CLANG_ANALYZER_NONNULL = YES;
				CLANG_ANALYZER_NUMBER_OBJECT_CONVERSION = YES_AGGRESSIVE;
				CLANG_CXX_LANGUAGE_STANDARD = "gnu++20";
				CLANG_ENABLE_MODULES = YES;
				CLANG_ENABLE_OBJC_ARC = YES;
				CLANG_ENABLE_OBJC_WEAK = YES;
				CLANG_WARN_BLOCK_CAPTURE_AUTORELEASING = YES;
				CLANG_WARN_BOOL_CONVERSION = YES;
				CLANG_WARN_COMMA = YES;
				CLANG_WARN_CONSTANT_CONVERSION = YES;
				CLANG_WARN_DEPRECATED_OBJC_IMPLEMENTATIONS = YES;
				CLANG_WARN_DIRECT_OBJC_ISA_USAGE = YES_ERROR;
				CLANG_WARN_DOCUMENTATION_COMMENTS = YES;
				CLANG_WARN_EMPTY_BODY = YES;
				CLANG_WARN_ENUM_CONVERSION = YES;
				CLANG_WARN_INFINITE_RECURSION = YES;
				CLANG_WARN_INT_CONVERSION = YES;
				CLANG_WARN_NON_LITERAL_NULL_CONVERSION = YES;
				CLANG_WARN_OBJC_IMPLICIT_RETAIN_SELF = YES;
				CLANG_WARN_OBJC_LITERAL_CONVERSION = YES;
				CLANG_WARN_OBJC_ROOT_CLASS = YES_ERROR;
				CLANG_WARN_QUOTED_INCLUDE_IN_FRAMEWORK_HEADER = YES;
				CLANG_WARN_RANGE_LOOP_ANALYSIS = YES;
				CLANG_WARN_STRICT_PROTOTYPES = YES;
				CLANG_WARN_SUSPICIOUS_MOVE = YES;
				CLANG_WARN_UNGUARDED_AVAILABILITY = YES_AGGRESSIVE;
				CLANG_WARN_UNREACHABLE_CODE = YES;
				CLANG_WARN__DUPLICATE_METHOD_MATCH = YES;
				COPY_PHASE_STRIP = NO;
				DEBUG_INFORMATION_FORMAT = "dwarf-with-dsym";
				ENABLE_NS_ASSERTIONS = NO;
				ENABLE_STRICT_OBJC_MSGSEND = YES;
				GCC_C_LANGUAGE_STANDARD = gnu11;
				GCC_NO_COMMON_BLOCKS = YES;
				GCC_WARN_64_TO_32_BIT_CONVERSION = YES;
				GCC_WARN_ABOUT_RETURN_TYPE = YES_ERROR;
				GCC_WARN_UNDECLARED_SELECTOR = YES;
				GCC_WARN_UNINITIALIZED_AUTOS = YES_AGGRESSIVE;
				GCC_WARN_UNUSED_FUNCTION = YES;
				GCC_WARN_UNUSED_VARIABLE = YES;
				IPHONEOS_DEPLOYMENT_TARGET = 16.4;
				MTL_ENABLE_DEBUG_INFO = NO;
				MTL_FAST_MATH = YES;
				SDKROOT = iphoneos;
				SWIFT_COMPILATION_MODE = wholemodule;
				SWIFT_OPTIMIZATION_LEVEL = "-O";
				VALIDATE_PRODUCT = YES;
			};
			name = Release;
		};
		4DB9633A2AA8FE69004C4C5B /* Debug */ = {
			isa = XCBuildConfiguration;
			baseConfigurationReference = 688AA9E468F79462EF266481 /* Pods-SwiftWeatherApp.debug.xcconfig */;
			buildSettings = {
				ASSETCATALOG_COMPILER_APPICON_NAME = AppIcon;
				ASSETCATALOG_COMPILER_GLOBAL_ACCENT_COLOR_NAME = AccentColor;
				CODE_SIGN_STYLE = Automatic;
				CURRENT_PROJECT_VERSION = 1;
				GENERATE_INFOPLIST_FILE = YES;
				INFOPLIST_FILE = SwiftWeatherApp/Info.plist;
				INFOPLIST_KEY_UIApplicationSupportsIndirectInputEvents = YES;
				INFOPLIST_KEY_UILaunchStoryboardName = LaunchScreen;
				INFOPLIST_KEY_UIMainStoryboardFile = Main;
				INFOPLIST_KEY_UISupportedInterfaceOrientations_iPad = "UIInterfaceOrientationPortrait UIInterfaceOrientationPortraitUpsideDown UIInterfaceOrientationLandscapeLeft UIInterfaceOrientationLandscapeRight";
				INFOPLIST_KEY_UISupportedInterfaceOrientations_iPhone = "UIInterfaceOrientationPortrait UIInterfaceOrientationLandscapeLeft UIInterfaceOrientationLandscapeRight";
				IPHONEOS_DEPLOYMENT_TARGET = 13.0;
				LD_RUNPATH_SEARCH_PATHS = (
					"$(inherited)",
					"@executable_path/Frameworks",
				);
				MARKETING_VERSION = 1.0;
				PRODUCT_BUNDLE_IDENTIFIER = geet.com.SwiftWeatherApp;
				PRODUCT_NAME = "$(TARGET_NAME)";
				SWIFT_EMIT_LOC_STRINGS = YES;
				SWIFT_OBJC_BRIDGING_HEADER = NetworkHeader.h;
				SWIFT_VERSION = 5.0;
				TARGETED_DEVICE_FAMILY = "1,2";
			};
			name = Debug;
		};
		4DB9633B2AA8FE69004C4C5B /* Release */ = {
			isa = XCBuildConfiguration;
			baseConfigurationReference = A0F320C191C0828FABF373C1 /* Pods-SwiftWeatherApp.release.xcconfig */;
			buildSettings = {
				ASSETCATALOG_COMPILER_APPICON_NAME = AppIcon;
				ASSETCATALOG_COMPILER_GLOBAL_ACCENT_COLOR_NAME = AccentColor;
				CODE_SIGN_STYLE = Automatic;
				CURRENT_PROJECT_VERSION = 1;
				GENERATE_INFOPLIST_FILE = YES;
				INFOPLIST_FILE = SwiftWeatherApp/Info.plist;
				INFOPLIST_KEY_UIApplicationSupportsIndirectInputEvents = YES;
				INFOPLIST_KEY_UILaunchStoryboardName = LaunchScreen;
				INFOPLIST_KEY_UIMainStoryboardFile = Main;
				INFOPLIST_KEY_UISupportedInterfaceOrientations_iPad = "UIInterfaceOrientationPortrait UIInterfaceOrientationPortraitUpsideDown UIInterfaceOrientationLandscapeLeft UIInterfaceOrientationLandscapeRight";
				INFOPLIST_KEY_UISupportedInterfaceOrientations_iPhone = "UIInterfaceOrientationPortrait UIInterfaceOrientationLandscapeLeft UIInterfaceOrientationLandscapeRight";
				IPHONEOS_DEPLOYMENT_TARGET = 13.0;
				LD_RUNPATH_SEARCH_PATHS = (
					"$(inherited)",
					"@executable_path/Frameworks",
				);
				MARKETING_VERSION = 1.0;
				PRODUCT_BUNDLE_IDENTIFIER = geet.com.SwiftWeatherApp;
				PRODUCT_NAME = "$(TARGET_NAME)";
				SWIFT_EMIT_LOC_STRINGS = YES;
				SWIFT_OBJC_BRIDGING_HEADER = NetworkHeader.h;
				SWIFT_VERSION = 5.0;
				TARGETED_DEVICE_FAMILY = "1,2";
			};
			name = Release;
		};
		4DB9633D2AA8FE69004C4C5B /* Debug */ = {
			isa = XCBuildConfiguration;
			baseConfigurationReference = 009515E8C9DBFD36E612336E /* Pods-SwiftWeatherAppTests.debug.xcconfig */;
			buildSettings = {
				ALWAYS_EMBED_SWIFT_STANDARD_LIBRARIES = YES;
				BUNDLE_LOADER = "$(TEST_HOST)";
				CODE_SIGN_STYLE = Automatic;
				CURRENT_PROJECT_VERSION = 1;
				GENERATE_INFOPLIST_FILE = YES;
				IPHONEOS_DEPLOYMENT_TARGET = 16.4;
				MARKETING_VERSION = 1.0;
				PRODUCT_BUNDLE_IDENTIFIER = geet.com.SwiftWeatherAppTests;
				PRODUCT_NAME = "$(TARGET_NAME)";
				SWIFT_EMIT_LOC_STRINGS = NO;
				SWIFT_VERSION = 5.0;
				TARGETED_DEVICE_FAMILY = "1,2";
				TEST_HOST = "$(BUILT_PRODUCTS_DIR)/SwiftWeatherApp.app/$(BUNDLE_EXECUTABLE_FOLDER_PATH)/SwiftWeatherApp";
			};
			name = Debug;
		};
		4DB9633E2AA8FE69004C4C5B /* Release */ = {
			isa = XCBuildConfiguration;
			baseConfigurationReference = 7546E19E4958A7784B632763 /* Pods-SwiftWeatherAppTests.release.xcconfig */;
			buildSettings = {
				ALWAYS_EMBED_SWIFT_STANDARD_LIBRARIES = YES;
				BUNDLE_LOADER = "$(TEST_HOST)";
				CODE_SIGN_STYLE = Automatic;
				CURRENT_PROJECT_VERSION = 1;
				GENERATE_INFOPLIST_FILE = YES;
				IPHONEOS_DEPLOYMENT_TARGET = 16.4;
				MARKETING_VERSION = 1.0;
				PRODUCT_BUNDLE_IDENTIFIER = geet.com.SwiftWeatherAppTests;
				PRODUCT_NAME = "$(TARGET_NAME)";
				SWIFT_EMIT_LOC_STRINGS = NO;
				SWIFT_VERSION = 5.0;
				TARGETED_DEVICE_FAMILY = "1,2";
				TEST_HOST = "$(BUILT_PRODUCTS_DIR)/SwiftWeatherApp.app/$(BUNDLE_EXECUTABLE_FOLDER_PATH)/SwiftWeatherApp";
			};
			name = Release;
		};
		4DB963402AA8FE69004C4C5B /* Debug */ = {
			isa = XCBuildConfiguration;
			baseConfigurationReference = 589B3CF8D35FDA6C47A94FAA /* Pods-SwiftWeatherApp-SwiftWeatherAppUITests.debug.xcconfig */;
			buildSettings = {
				ALWAYS_EMBED_SWIFT_STANDARD_LIBRARIES = YES;
				CODE_SIGN_STYLE = Automatic;
				CURRENT_PROJECT_VERSION = 1;
				GENERATE_INFOPLIST_FILE = YES;
				MARKETING_VERSION = 1.0;
				PRODUCT_BUNDLE_IDENTIFIER = geet.com.SwiftWeatherAppUITests;
				PRODUCT_NAME = "$(TARGET_NAME)";
				SWIFT_EMIT_LOC_STRINGS = NO;
				SWIFT_VERSION = 5.0;
				TARGETED_DEVICE_FAMILY = "1,2";
				TEST_TARGET_NAME = SwiftWeatherApp;
			};
			name = Debug;
		};
		4DB963412AA8FE69004C4C5B /* Release */ = {
			isa = XCBuildConfiguration;
			baseConfigurationReference = C305FAA3879AD3C262B84E8E /* Pods-SwiftWeatherApp-SwiftWeatherAppUITests.release.xcconfig */;
			buildSettings = {
				ALWAYS_EMBED_SWIFT_STANDARD_LIBRARIES = YES;
				CODE_SIGN_STYLE = Automatic;
				CURRENT_PROJECT_VERSION = 1;
				GENERATE_INFOPLIST_FILE = YES;
				MARKETING_VERSION = 1.0;
				PRODUCT_BUNDLE_IDENTIFIER = geet.com.SwiftWeatherAppUITests;
				PRODUCT_NAME = "$(TARGET_NAME)";
				SWIFT_EMIT_LOC_STRINGS = NO;
				SWIFT_VERSION = 5.0;
				TARGETED_DEVICE_FAMILY = "1,2";
				TEST_TARGET_NAME = SwiftWeatherApp;
			};
			name = Release;
		};
/* End XCBuildConfiguration section */

/* Begin XCConfigurationList section */
		4DB963072AA8FE68004C4C5B /* Build configuration list for PBXProject "SwiftWeatherApp" */ = {
			isa = XCConfigurationList;
			buildConfigurations = (
				4DB963372AA8FE69004C4C5B /* Debug */,
				4DB963382AA8FE69004C4C5B /* Release */,
			);
			defaultConfigurationIsVisible = 0;
			defaultConfigurationName = Release;
		};
		4DB963392AA8FE69004C4C5B /* Build configuration list for PBXNativeTarget "SwiftWeatherApp" */ = {
			isa = XCConfigurationList;
			buildConfigurations = (
				4DB9633A2AA8FE69004C4C5B /* Debug */,
				4DB9633B2AA8FE69004C4C5B /* Release */,
			);
			defaultConfigurationIsVisible = 0;
			defaultConfigurationName = Release;
		};
		4DB9633C2AA8FE69004C4C5B /* Build configuration list for PBXNativeTarget "SwiftWeatherAppTests" */ = {
			isa = XCConfigurationList;
			buildConfigurations = (
				4DB9633D2AA8FE69004C4C5B /* Debug */,
				4DB9633E2AA8FE69004C4C5B /* Release */,
			);
			defaultConfigurationIsVisible = 0;
			defaultConfigurationName = Release;
		};
		4DB9633F2AA8FE69004C4C5B /* Build configuration list for PBXNativeTarget "SwiftWeatherAppUITests" */ = {
			isa = XCConfigurationList;
			buildConfigurations = (
				4DB963402AA8FE69004C4C5B /* Debug */,
				4DB963412AA8FE69004C4C5B /* Release */,
			);
			defaultConfigurationIsVisible = 0;
			defaultConfigurationName = Release;
		};
/* End XCConfigurationList section */

/* Begin XCVersionGroup section */
		4DB963182AA8FE68004C4C5B /* SwiftWeatherApp.xcdatamodeld */ = {
			isa = XCVersionGroup;
			children = (
				4DB963192AA8FE68004C4C5B /* SwiftWeatherApp.xcdatamodel */,
			);
			currentVersion = 4DB963192AA8FE68004C4C5B /* SwiftWeatherApp.xcdatamodel */;
			path = SwiftWeatherApp.xcdatamodeld;
			sourceTree = "<group>";
			versionGroupType = wrapper.xcdatamodel;
		};
/* End XCVersionGroup section */
	};
	rootObject = 4DB963042AA8FE68004C4C5B /* Project object */;
}
